%{
  "bear": {:hex, :bear, "0.8.3", "866002127a97932720a0d475d8582c98ec5fb78db3a18dfe7eaf91594d9024b8", [], [], "hexpm"},
  "certifi": {:hex, :certifi, "2.0.0", "a0c0e475107135f76b8c1d5bc7efb33cd3815cb3cf3dea7aefdd174dabead064", [], [], "hexpm"},
  "edown": {:hex, :edown, "0.7.0", "6803599606b10f8e328d6d60c44cd16244cd2429908894c415fce4211c3bfefd", [], [], "hexpm"},
  "elixometer": {:hex, :elixometer, "1.2.1", "41527a3fb2a4656ac3f721b523deaf4f55c5c901ffdb5e375260c6338dd2c164", [], [{:edown, "~>0.7.0", [hex: :edown, repo: "hexpm", optional: false]}, {:exometer_core, "~>1.4.0", [hex: :exometer_core, repo: "hexpm", optional: false]}, {:lager, "~>3.0.2", [hex: :lager, repo: "hexpm", optional: false]}, {:pobox, "~>1.0.2", [hex: :pobox, repo: "hexpm", optional: false]}], "hexpm"},
  "exometer_core": {:hex, :exometer_core, "1.4.0", "a546ccd38be910de6ea75ea95b724b6b2db513c26f02e30919b25eb19651815a", [], [{:edown, "0.7.0", [hex: :edown, repo: "hexpm", optional: false]}, {:folsom, "0.8.3", [hex: :folsom, repo: "hexpm", optional: false]}, {:lager, "3.0.2", [hex: :lager, repo: "hexpm", optional: false]}, {:parse_trans, "2.9.0", [hex: :parse_trans, repo: "hexpm", optional: false]}, {:setup, "1.7.0", [hex: :setup, repo: "hexpm", optional: false]}], "hexpm"},
  "exprintf": {:hex, :exprintf, "0.2.1", "b7e895dfb00520cfb7fc1671303b63b37dc3897c59be7cbf1ae62f766a8a0314", [], [], "hexpm"},
  "exprof": {:hex, :exprof, "0.2.2", "19fead375683f959b45b11dd30d2c48143347970aeabd05b2dde05c50d1f63dc", [], [{:exprintf, "~> 0.2", [hex: :exprintf, repo: "hexpm", optional: false]}], "hexpm"},
  "flow": {:hex, :flow, "0.12.0", "32c5a5f3ff6693e004b6c17a8c64dce2f8cdaf9564912d79427176013a586ab6", [], [{:gen_stage, "~> 0.12.0", [hex: :gen_stage, repo: "hexpm", optional: false]}], "hexpm"},
  "folsom": {:hex, :folsom, "0.8.3", "71cff146152fa95e6092e62119f9dc96888660111e7b61853c8fdcf80598a4e0", [], [{:bear, "0.8.3", [hex: :bear, repo: "hexpm", optional: false]}], "hexpm"},
  "gen_stage": {:hex, :gen_stage, "0.12.2", "e0e347cbb1ceb5f4e68a526aec4d64b54ad721f0a8b30aa9d28e0ad749419cbb", [], [], "hexpm"},
  "goldrush": {:hex, :goldrush, "0.1.7", "349a351d17c71c2fdaa18a6c2697562abe136fec945f147b381f0cf313160228", [], [], "hexpm"},
  "hackney": {:hex, :hackney, "1.11.0", "4951ee019df102492dabba66a09e305f61919a8a183a7860236c0fde586134b6", [], [{:certifi, "2.0.0", [hex: :certifi, repo: "hexpm", optional: false]}, {:idna, "5.1.0", [hex: :idna, repo: "hexpm", optional: false]}, {:metrics, "1.0.1", [hex: :metrics, repo: "hexpm", optional: false]}, {:mimerl, "1.0.2", [hex: :mimerl, repo: "hexpm", optional: false]}, {:ssl_verify_fun, "1.1.1", [hex: :ssl_verify_fun, repo: "hexpm", optional: false]}], "hexpm"},
  "httpoison": {:hex, :httpoison, "1.0.0", "1f02f827148d945d40b24f0b0a89afe40bfe037171a6cf70f2486976d86921cd", [], [{:hackney, "~> 1.8", [hex: :hackney, repo: "hexpm", optional: false]}], "hexpm"},
  "idna": {:hex, :idna, "5.1.0", "d72b4effeb324ad5da3cab1767cb16b17939004e789d8c0ad5b70f3cea20c89a", [], [{:unicode_util_compat, "0.3.1", [hex: :unicode_util_compat, repo: "hexpm", optional: false]}], "hexpm"},
  "jason": {:hex, :jason, "1.0.0", "0f7cfa9bdb23fed721ec05419bcee2b2c21a77e926bce0deda029b5adc716fe2", [], [{:decimal, "~> 1.0", [hex: :decimal, repo: "hexpm", optional: true]}], "hexpm"},
  "json": {:hex, :json, "1.0.2", "fa75ed4f355cd4ab468c25588171f8002a7274d3d5fb376c18822ddfc7c33f1f", [], [], "hexpm"},
  "lager": {:hex, :lager, "3.0.2", "25dc81bc3659b62f5ab9bd073e97ddd894fc4c242019fccef96f3889d7366c97", [], [{:goldrush, "0.1.7", [hex: :goldrush, repo: "hexpm", optional: false]}], "hexpm"},
  "meeseeks": {:hex, :meeseeks, "0.7.6", "8404ac005077fd4ba275336c44783caa29f6399a570a409b05dd19fcf6442395", [], [{:meeseeks_html5ever, "~> 0.8.0", [hex: :meeseeks_html5ever, repo: "hexpm", optional: false]}], "hexpm"},
  "meeseeks_html5ever": {:hex, :meeseeks_html5ever, "0.8.0", "ac81ff0cf35206dbb9a9f31d7d67ecc566de8f4c380c5da3cdc5ac63b7bdbc8d", [], [{:rustler, "~> 0.10.1", [hex: :rustler, repo: "hexpm", optional: false]}], "hexpm"},
  "metrics": {:hex, :metrics, "1.0.1", "25f094dea2cda98213cecc3aeff09e940299d950904393b2a29d191c346a8486", [], [], "hexpm"},
  "mimerl": {:hex, :mimerl, "1.0.2", "993f9b0e084083405ed8252b99460c4f0563e41729ab42d9074fd5e52439be88", [], [], "hexpm"},
  "mogrify": {:hex, :mogrify, "0.5.6", "8ba04d4204f7149fac4ca302ca37aeb1550074958bed9fa892fdf6cd46806082", [], [], "hexpm"},
  "nimble_csv": {:hex, :nimble_csv, "0.4.0", "e2a21d93071cb3b3278411b5b49fe6b55a0e4b3e90485d1187e0c9c75c74f977", [], [], "hexpm"},
  "parse_trans": {:hex, :parse_trans, "2.9.0", "3f5f7b402928fb9fd200c891e635de909045d1efac40ce3f924d3892898f85eb", [], [{:edown, "> 0.0.0", [hex: :edown, repo: "hexpm", optional: false]}], "hexpm"},
  "pobox": {:hex, :pobox, "1.0.4", "e695bc3b2b547dd6c8e5a19cb743396e6670e306ad3ff498844738f9418bd686", [], [], "hexpm"},
  "rustler": {:hex, :rustler, "0.10.1", "cedcce8b8960e5a8d528903891e8cc7f2f0306680a1c478455e3d8e572c65cc4", [], [], "hexpm"},
  "setup": {:hex, :setup, "1.7.0", "15df8e57c6df9755e22bfb1aef0c640bd97e9889396fdfb2a85a5536a9043674", [], [], "hexpm"},
  "sshkit": {:hex, :sshkit, "0.0.3", "b0d7c3e0a5caed69304ccbc1c97ab0b1fe82a26f0d21ba2a26b52868f834ab5a", [], [], "hexpm"},
  "ssl_verify_fun": {:hex, :ssl_verify_fun, "1.1.1", "28a4d65b7f59893bc2c7de786dec1e1555bd742d336043fe644ae956c3497fbe", [], [], "hexpm"},
  "sweet_xml": {:hex, :sweet_xml, "0.6.5", "dd9cde443212b505d1b5f9758feb2000e66a14d3c449f04c572f3048c66e6697", [], [], "hexpm"},
  "unicode_util_compat": {:hex, :unicode_util_compat, "0.3.1", "a1f612a7b512638634a603c8f401892afbf99b8ce93a45041f8aaca99cadb85e", [], [], "hexpm"},
}
